{
  "name": "webrtc-voip",
  "version": "1.0.0",
  "lockfileVersion": 1,
  "requires": true,
  "dependencies": {
    "@types/body-parser": {
      "version": "1.19.2",
      "resolved": "https://artifacthub-tip.oraclecorp.com/api/npm/npmjs-remote/@types/body-parser/-/body-parser-1.19.2.tgz",
      "integrity": "sha1-rqIFnii3ZYY5CBNHrE+rPeFm5vA=",
      "requires": {
        "@types/connect": "*",
        "@types/node": "*"
      }
    },
    "@types/connect": {
      "version": "3.4.35",
      "resolved": "https://artifacthub-tip.oraclecorp.com/api/npm/npmjs-remote/@types/connect/-/connect-3.4.35.tgz",
      "integrity": "sha1-X89q5EXkAh0fwiGaSHPMc6O7KtE=",
      "requires": {
        "@types/node": "*"
      }
    },
    "@types/cors": {
      "version": "2.8.12",
      "resolved": "https://artifacthub-tip.oraclecorp.com/api/npm/npmjs-remote/@types/cors/-/cors-2.8.12.tgz",
      "integrity": "sha1-ayxRCnrXA56Y57jT1lmPQ1nlwIA="
    },
    "@types/express": {
      "version": "4.17.13",
      "resolved": "https://artifacthub-tip.oraclecorp.com/api/npm/npmjs-remote/@types/express/-/express-4.17.13.tgz",
      "integrity": "sha1-p24plXKJmbq1GjP6vOHXBaNwkDQ=",
      "requires": {
        "@types/body-parser": "*",
        "@types/express-serve-static-core": "^4.17.18",
        "@types/qs": "*",
        "@types/serve-static": "*"
      }
    },
    "@types/express-serve-static-core": {
      "version": "4.17.26",
      "resolved": "https://artifacthub-tip.oraclecorp.com/api/npm/npmjs-remote/@types/express-serve-static-core/-/express-serve-static-core-4.17.26.tgz",
      "integrity": "sha1-XZqO7sudX51/wdhfVBUSqEY4rog=",
      "requires": {
        "@types/node": "*",
        "@types/qs": "*",
        "@types/range-parser": "*"
      }
    },
    "@types/mime": {
      "version": "1.3.2",
      "resolved": "https://artifacthub-tip.oraclecorp.com/api/npm/npmjs-remote/@types/mime/-/mime-1.3.2.tgz",
      "integrity": "sha1-k+Jb+e51/g/YC1lLxP6w6GIRG1o="
    },
    "@types/node": {
      "version": "17.0.0",
      "resolved": "https://artifacthub-tip.oraclecorp.com/api/npm/npmjs-remote/@types/node/-/node-17.0.0.tgz",
      "integrity": "sha1-Ynl87juLSX9lR1A7IxIlTU/jwrs="
    },
    "@types/qs": {
      "version": "6.9.7",
      "resolved": "https://artifacthub-tip.oraclecorp.com/api/npm/npmjs-remote/@types/qs/-/qs-6.9.7.tgz",
      "integrity": "sha1-Y7t9Bn2xB8weRXwwO8JdUR/r9ss="
    },
    "@types/range-parser": {
      "version": "1.2.4",
      "resolved": "https://artifacthub-tip.oraclecorp.com/api/npm/npmjs-remote/@types/range-parser/-/range-parser-1.2.4.tgz",
      "integrity": "sha1-zWZ7z90CUhOq+3ylkVqTJZCs3Nw="
    },
    "@types/serve-static": {
      "version": "1.13.10",
      "resolved": "https://artifacthub-tip.oraclecorp.com/api/npm/npmjs-remote/@types/serve-static/-/serve-static-1.13.10.tgz",
      "integrity": "sha1-9eDOh5fS18xevtpIpSyWxPpHqNk=",
      "requires": {
        "@types/mime": "^1",
        "@types/node": "*"
      }
    },
    "@types/ws": {
      "version": "7.4.7",
      "resolved": "https://artifacthub-tip.oraclecorp.com/api/npm/npmjs-remote/@types/ws/-/ws-7.4.7.tgz",
      "integrity": "sha1-98OQo296Bnmqad4tUBMZ9PjZtwI=",
      "requires": {
        "@types/node": "*"
      }
    },
    "accepts": {
      "version": "1.3.7",
      "resolved": "https://artifacthub-tip.oraclecorp.com/api/npm/npmjs-remote/accepts/-/accepts-1.3.7.tgz",
      "integrity": "sha1-UxvHJlF6OytB+FACHGzBXqq1B80=",
      "requires": {
        "mime-types": "~2.1.24",
        "negotiator": "0.6.2"
      }
    },
    "ansi-regex": {
      "version": "5.0.1",
      "resolved": "https://artifacthub-tip.oraclecorp.com/api/npm/npmjs-remote/ansi-regex/-/ansi-regex-5.0.1.tgz",
      "integrity": "sha1-CCyyyJyf6GWaMRpTvWpNxTAdswQ="
    },
    "ansi-styles": {
      "version": "4.3.0",
      "resolved": "https://artifacthub-tip.oraclecorp.com/api/npm/npmjs-remote/ansi-styles/-/ansi-styles-4.3.0.tgz",
      "integrity": "sha1-7dgDYornHATIWuegkG7a00tkiTc=",
      "requires": {
        "color-convert": "^2.0.1"
      }
    },
    "array-flatten": {
      "version": "1.1.1",
      "resolved": "https://artifacthub-tip.oraclecorp.com/api/npm/npmjs-remote/array-flatten/-/array-flatten-1.1.1.tgz",
      "integrity": "sha1-ml9pkFGx5wczKPKgCJaLZOopVdI="
    },
    "body-parser": {
      "version": "1.19.1",
      "resolved": "https://artifacthub-tip.oraclecorp.com/api/npm/npmjs-remote/body-parser/-/body-parser-1.19.1.tgz",
      "integrity": "sha1-FJmruqknSvPsyfbxA5bJlZQ+MdQ=",
      "requires": {
        "bytes": "3.1.1",
        "content-type": "~1.0.4",
        "debug": "2.6.9",
        "depd": "~1.1.2",
        "http-errors": "1.8.1",
        "iconv-lite": "0.4.24",
        "on-finished": "~2.3.0",
        "qs": "6.9.6",
        "raw-body": "2.4.2",
        "type-is": "~1.6.18"
      }
    },
    "bytes": {
      "version": "3.1.1",
      "resolved": "https://artifacthub-tip.oraclecorp.com/api/npm/npmjs-remote/bytes/-/bytes-3.1.1.tgz",
      "integrity": "sha1-PwGCkctMutmsy25pcLypyIieh5o="
    },
    "camelcase": {
      "version": "5.3.1",
      "resolved": "https://artifacthub-tip.oraclecorp.com/api/npm/npmjs-remote/camelcase/-/camelcase-5.3.1.tgz",
      "integrity": "sha1-48mzFWnhBoEd8kL3FXJaH0xJQyA="
    },
    "cliui": {
      "version": "6.0.0",
      "resolved": "https://artifacthub-tip.oraclecorp.com/api/npm/npmjs-remote/cliui/-/cliui-6.0.0.tgz",
      "integrity": "sha1-UR1wLAxOQcoVbX0OlgIfI+EyJbE=",
      "requires": {
        "string-width": "^4.2.0",
        "strip-ansi": "^6.0.0",
        "wrap-ansi": "^6.2.0"
      }
    },
    "color-convert": {
      "version": "2.0.1",
      "resolved": "https://artifacthub-tip.oraclecorp.com/api/npm/npmjs-remote/color-convert/-/color-convert-2.0.1.tgz",
      "integrity": "sha1-ctOmjVmMm9s68q0ehPIdiWq9TeM=",
      "requires": {
        "color-name": "~1.1.4"
      }
    },
    "color-name": {
      "version": "1.1.4",
      "resolved": "https://artifacthub-tip.oraclecorp.com/api/npm/npmjs-remote/color-name/-/color-name-1.1.4.tgz",
      "integrity": "sha1-wqCah6y95pVD3m9j+jmVyCbFNqI="
    },
    "content-disposition": {
      "version": "0.5.4",
      "resolved": "https://artifacthub-tip.oraclecorp.com/api/npm/npmjs-remote/content-disposition/-/content-disposition-0.5.4.tgz",
      "integrity": "sha1-i4K076yCUSoCuwsdzsnSxejrW/4=",
      "requires": {
        "safe-buffer": "5.2.1"
      }
    },
    "content-type": {
      "version": "1.0.4",
      "resolved": "https://artifacthub-tip.oraclecorp.com/api/npm/npmjs-remote/content-type/-/content-type-1.0.4.tgz",
      "integrity": "sha1-4TjMdeBAxyexlm/l5fjJruJW/js="
    },
    "cookie": {
      "version": "0.4.1",
      "resolved": "https://artifacthub-tip.oraclecorp.com/api/npm/npmjs-remote/cookie/-/cookie-0.4.1.tgz",
      "integrity": "sha1-r9cT/ibr0hupXOth+agRblClN9E="
    },
    "cookie-signature": {
      "version": "1.0.6",
      "resolved": "https://artifacthub-tip.oraclecorp.com/api/npm/npmjs-remote/cookie-signature/-/cookie-signature-1.0.6.tgz",
      "integrity": "sha1-4wOogrNCzD7oylE6eZmXNNqzriw="
    },
    "cors": {
      "version": "2.8.5",
      "resolved": "https://artifacthub-tip.oraclecorp.com/api/npm/npmjs-remote/cors/-/cors-2.8.5.tgz",
      "integrity": "sha1-6sEdpRWS3Ya58G9uesKTs9+HXSk=",
      "requires": {
        "object-assign": "^4",
        "vary": "^1"
      }
    },
    "debug": {
      "version": "2.6.9",
      "resolved": "https://artifacthub-tip.oraclecorp.com/api/npm/npmjs-remote/debug/-/debug-2.6.9.tgz",
      "integrity": "sha1-XRKFFd8TT/Mn6QpMk/Tgd6U2NB8=",
      "requires": {
        "ms": "2.0.0"
      }
    },
    "decamelize": {
      "version": "1.2.0",
      "resolved": "https://artifacthub-tip.oraclecorp.com/api/npm/npmjs-remote/decamelize/-/decamelize-1.2.0.tgz",
      "integrity": "sha1-9lNNFRSCabIDUue+4m9QH5oZEpA="
    },
    "depd": {
      "version": "1.1.2",
      "resolved": "https://artifacthub-tip.oraclecorp.com/api/npm/npmjs-remote/depd/-/depd-1.1.2.tgz",
      "integrity": "sha1-m81S4UwJd2PnSbJ0xDRu0uVgtak="
    },
    "destroy": {
      "version": "1.0.4",
      "resolved": "https://artifacthub-tip.oraclecorp.com/api/npm/npmjs-remote/destroy/-/destroy-1.0.4.tgz",
      "integrity": "sha1-l4hXRCxEdJ5CBmE+N5RiBYJqvYA="
    },
    "ee-first": {
      "version": "1.1.1",
      "resolved": "https://artifacthub-tip.oraclecorp.com/api/npm/npmjs-remote/ee-first/-/ee-first-1.1.1.tgz",
      "integrity": "sha1-WQxhFWsK4vTwJVcyoViyZrxWsh0="
    },
    "emoji-regex": {
      "version": "8.0.0",
      "resolved": "https://artifacthub-tip.oraclecorp.com/api/npm/npmjs-remote/emoji-regex/-/emoji-regex-8.0.0.tgz",
      "integrity": "sha1-6Bj9ac5cz8tARZT4QpY79TFkzDc="
    },
    "encodeurl": {
      "version": "1.0.2",
      "resolved": "https://artifacthub-tip.oraclecorp.com/api/npm/npmjs-remote/encodeurl/-/encodeurl-1.0.2.tgz",
      "integrity": "sha1-rT/0yG7C0CkyL1oCw6mmBslbP1k="
    },
    "escape-html": {
      "version": "1.0.3",
      "resolved": "https://artifacthub-tip.oraclecorp.com/api/npm/npmjs-remote/escape-html/-/escape-html-1.0.3.tgz",
      "integrity": "sha1-Aljq5NPQwJdN4cFpGI7wBR0dGYg="
    },
    "etag": {
      "version": "1.8.1",
      "resolved": "https://artifacthub-tip.oraclecorp.com/api/npm/npmjs-remote/etag/-/etag-1.8.1.tgz",
      "integrity": "sha1-Qa4u62XvpiJorr/qg6x9eSmbCIc="
    },
    "eventemitter3": {
      "version": "3.1.2",
      "resolved": "https://artifacthub-tip.oraclecorp.com/api/npm/npmjs-remote/eventemitter3/-/eventemitter3-3.1.2.tgz",
      "integrity": "sha1-LT1I+cNGaY/Og6hdfWZOmFNd9uc="
    },
    "finalhandler": {
      "version": "1.1.2",
      "resolved": "https://artifacthub-tip.oraclecorp.com/api/npm/npmjs-remote/finalhandler/-/finalhandler-1.1.2.tgz",
      "integrity": "sha1-t+fQAP/RGTjQ/bBTUG9uur6fWH0=",
      "requires": {
        "debug": "2.6.9",
        "encodeurl": "~1.0.2",
        "escape-html": "~1.0.3",
        "on-finished": "~2.3.0",
        "parseurl": "~1.3.3",
        "statuses": "~1.5.0",
        "unpipe": "~1.0.0"
      }
    },
    "find-up": {
      "version": "4.1.0",
      "resolved": "https://artifacthub-tip.oraclecorp.com/api/npm/npmjs-remote/find-up/-/find-up-4.1.0.tgz",
      "integrity": "sha1-l6/n1s3AvFkoWEt8jXsW6KmqXRk=",
      "requires": {
        "locate-path": "^5.0.0",
        "path-exists": "^4.0.0"
      }
    },
    "forwarded": {
      "version": "0.2.0",
      "resolved": "https://artifacthub-tip.oraclecorp.com/api/npm/npmjs-remote/forwarded/-/forwarded-0.2.0.tgz",
      "integrity": "sha1-ImmTZCiq1MFcfr6XeahL8LKoGBE="
    },
    "fresh": {
      "version": "0.5.2",
      "resolved": "https://artifacthub-tip.oraclecorp.com/api/npm/npmjs-remote/fresh/-/fresh-0.5.2.tgz",
      "integrity": "sha1-PYyt2Q2XZWn6g1qx+OSyOhBWBac="
    },
    "get-caller-file": {
      "version": "2.0.5",
      "resolved": "https://artifacthub-tip.oraclecorp.com/api/npm/npmjs-remote/get-caller-file/-/get-caller-file-2.0.5.tgz",
      "integrity": "sha1-T5RBKoLbMvNuOwuXQfipf+sDH34="
    },
    "http-errors": {
      "version": "1.8.1",
      "resolved": "https://artifacthub-tip.oraclecorp.com/api/npm/npmjs-remote/http-errors/-/http-errors-1.8.1.tgz",
      "integrity": "sha1-fD8oV3y8iiBziEVdvWIpXtB71ow=",
      "requires": {
        "depd": "~1.1.2",
        "inherits": "2.0.4",
        "setprototypeof": "1.2.0",
        "statuses": ">= 1.5.0 < 2",
        "toidentifier": "1.0.1"
      }
    },
    "iconv-lite": {
      "version": "0.4.24",
      "resolved": "https://artifacthub-tip.oraclecorp.com/api/npm/npmjs-remote/iconv-lite/-/iconv-lite-0.4.24.tgz",
      "integrity": "sha1-ICK0sl+93CHS9SSXSkdKr+czkIs=",
      "requires": {
        "safer-buffer": ">= 2.1.2 < 3"
      }
    },
    "inherits": {
      "version": "2.0.4",
      "resolved": "https://artifacthub-tip.oraclecorp.com/api/npm/npmjs-remote/inherits/-/inherits-2.0.4.tgz",
      "integrity": "sha1-D6LGT5MpF8NDOg3tVTY6rjdBa3w="
    },
    "ipaddr.js": {
      "version": "1.9.1",
      "resolved": "https://artifacthub-tip.oraclecorp.com/api/npm/npmjs-remote/ipaddr.js/-/ipaddr.js-1.9.1.tgz",
      "integrity": "sha1-v/OFQ+64mEglB5/zoqjmy9RngbM="
    },
    "is-fullwidth-code-point": {
      "version": "3.0.0",
      "resolved": "https://artifacthub-tip.oraclecorp.com/api/npm/npmjs-remote/is-fullwidth-code-point/-/is-fullwidth-code-point-3.0.0.tgz",
      "integrity": "sha1-8Rb4Bk/pCz94RKOJl8C3UFEmnx0="
    },
    "locate-path": {
      "version": "5.0.0",
      "resolved": "https://artifacthub-tip.oraclecorp.com/api/npm/npmjs-remote/locate-path/-/locate-path-5.0.0.tgz",
      "integrity": "sha1-Gvujlq/WdqbUJQTQpno6frn2KqA=",
      "requires": {
        "p-locate": "^4.1.0"
      }
    },
    "media-typer": {
      "version": "0.3.0",
      "resolved": "https://artifacthub-tip.oraclecorp.com/api/npm/npmjs-remote/media-typer/-/media-typer-0.3.0.tgz",
      "integrity": "sha1-hxDXrwqmJvj/+hzgAWhUUmMlV0g="
    },
    "merge-descriptors": {
      "version": "1.0.1",
      "resolved": "https://artifacthub-tip.oraclecorp.com/api/npm/npmjs-remote/merge-descriptors/-/merge-descriptors-1.0.1.tgz",
      "integrity": "sha1-sAqqVW3YtEVoFQ7J0blT8/kMu2E="
    },
    "methods": {
      "version": "1.1.2",
      "resolved": "https://artifacthub-tip.oraclecorp.com/api/npm/npmjs-remote/methods/-/methods-1.1.2.tgz",
      "integrity": "sha1-VSmk1nZUE07cxSZmVoNbD4Ua/O4="
    },
    "mime": {
      "version": "1.6.0",
      "resolved": "https://artifacthub-tip.oraclecorp.com/api/npm/npmjs-remote/mime/-/mime-1.6.0.tgz",
      "integrity": "sha1-Ms2eXGRVO9WNGaVor0Uqz/BJgbE="
    },
    "mime-db": {
      "version": "1.51.0",
      "resolved": "https://artifacthub-tip.oraclecorp.com/api/npm/npmjs-remote/mime-db/-/mime-db-1.51.0.tgz",
      "integrity": "sha1-2f9iRRhZsYNC2WCFDcPPt35j+ww="
    },
    "mime-types": {
      "version": "2.1.34",
      "resolved": "https://artifacthub-tip.oraclecorp.com/api/npm/npmjs-remote/mime-types/-/mime-types-2.1.34.tgz",
      "integrity": "sha1-WnEvnsFQNRGpRYA2QPr+CdN5PCQ=",
      "requires": {
        "mime-db": "1.51.0"
      }
    },
    "ms": {
      "version": "2.0.0",
      "resolved": "https://artifacthub-tip.oraclecorp.com/api/npm/npmjs-remote/ms/-/ms-2.0.0.tgz",
      "integrity": "sha1-VgiurfwAvmwpAd9fmGF4jeDVl8g="
    },
    "negotiator": {
      "version": "0.6.2",
      "resolved": "https://artifacthub-tip.oraclecorp.com/api/npm/npmjs-remote/negotiator/-/negotiator-0.6.2.tgz",
      "integrity": "sha1-/qz3zPUlp3rpY0Q2pkiD/+yjRvs="
    },
    "object-assign": {
      "version": "4.1.1",
      "resolved": "https://artifacthub-tip.oraclecorp.com/api/npm/npmjs-remote/object-assign/-/object-assign-4.1.1.tgz",
      "integrity": "sha1-IQmtx5ZYh8/AXLvUQsrIv7s2CGM="
    },
    "on-finished": {
      "version": "2.3.0",
      "resolved": "https://artifacthub-tip.oraclecorp.com/api/npm/npmjs-remote/on-finished/-/on-finished-2.3.0.tgz",
      "integrity": "sha1-IPEzZIGwg811M3mSoWlxqi2QaUc=",
      "requires": {
        "ee-first": "1.1.1"
      }
    },
    "p-limit": {
      "version": "2.3.0",
      "resolved": "https://artifacthub-tip.oraclecorp.com/api/npm/npmjs-remote/p-limit/-/p-limit-2.3.0.tgz",
      "integrity": "sha1-PdM8ZHohT9//2DWTPrCG2g3CHbE=",
      "requires": {
        "p-try": "^2.0.0"
      }
    },
    "p-locate": {
      "version": "4.1.0",
      "resolved": "https://artifacthub-tip.oraclecorp.com/api/npm/npmjs-remote/p-locate/-/p-locate-4.1.0.tgz",
      "integrity": "sha1-o0KLtwiLOmApL2aRkni3wpetTwc=",
      "requires": {
        "p-limit": "^2.2.0"
      }
    },
    "p-try": {
      "version": "2.2.0",
      "resolved": "https://artifacthub-tip.oraclecorp.com/api/npm/npmjs-remote/p-try/-/p-try-2.2.0.tgz",
      "integrity": "sha1-yyhoVA4xPWHeWPr741zpAE1VQOY="
    },
    "parseurl": {
      "version": "1.3.3",
      "resolved": "https://artifacthub-tip.oraclecorp.com/api/npm/npmjs-remote/parseurl/-/parseurl-1.3.3.tgz",
      "integrity": "sha1-naGee+6NEt/wUT7Vt2lXeTvC6NQ="
    },
    "path-exists": {
      "version": "4.0.0",
      "resolved": "https://artifacthub-tip.oraclecorp.com/api/npm/npmjs-remote/path-exists/-/path-exists-4.0.0.tgz",
      "integrity": "sha1-UTvb4tO5XXdi6METfvoZXGxhtbM="
    },
    "path-to-regexp": {
      "version": "0.1.7",
      "resolved": "https://artifacthub-tip.oraclecorp.com/api/npm/npmjs-remote/path-to-regexp/-/path-to-regexp-0.1.7.tgz",
      "integrity": "sha1-32BBeABfUi8V60SQ5yR6G/qmf4w="
    },
    "peer": {
      "version": "0.6.1",
      "requires": {
        "@types/cors": "^2.8.6",
        "@types/express": "^4.17.3",
        "@types/ws": "^7.2.3",
        "body-parser": "^1.19.0",
        "cors": "^2.8.5",
        "express": "^4.17.1",
        "uuid": "^3.4.0",
        "ws": "^7.2.3",
        "yargs": "^15.3.1"
      },
      "dependencies": {
        "express": {
          "version": "4.17.2",
          "resolved": "https://artifacthub-tip.oraclecorp.com/api/npm/npmjs-remote/express/-/express-4.17.2.tgz",
          "integrity": "sha1-wYNp8mUpcxm+7U5VWHU8yME2TLM=",
          "requires": {
            "accepts": "~1.3.7",
            "array-flatten": "1.1.1",
            "body-parser": "1.19.1",
            "content-disposition": "0.5.4",
            "content-type": "~1.0.4",
            "cookie": "0.4.1",
            "cookie-signature": "1.0.6",
            "debug": "2.6.9",
            "depd": "~1.1.2",
            "encodeurl": "~1.0.2",
            "escape-html": "~1.0.3",
            "etag": "~1.8.1",
            "finalhandler": "~1.1.2",
            "fresh": "0.5.2",
            "merge-descriptors": "1.0.1",
            "methods": "~1.1.2",
            "on-finished": "~2.3.0",
            "parseurl": "~1.3.3",
            "path-to-regexp": "0.1.7",
            "proxy-addr": "~2.0.7",
            "qs": "6.9.6",
            "range-parser": "~1.2.1",
            "safe-buffer": "5.2.1",
            "send": "0.17.2",
            "serve-static": "1.14.2",
            "setprototypeof": "1.2.0",
            "statuses": "~1.5.0",
            "type-is": "~1.6.18",
            "utils-merge": "1.0.1",
            "vary": "~1.1.2"
          }
        }
      }
    },
    "peerjs": {
      "version": "1.3.2",
      "resolved": "https://artifacthub-tip.oraclecorp.com/api/npm/npmjs-remote/peerjs/-/peerjs-1.3.2.tgz",
      "integrity": "sha1-Jc9ejnwUO0HCpXYKPW7Auwu7lNk=",
      "requires": {
        "@types/node": "^10.14.33",
        "eventemitter3": "^3.1.2",
        "peerjs-js-binarypack": "1.0.1",
        "webrtc-adapter": "^7.7.1"
      },
      "dependencies": {
        "@types/node": {
          "version": "10.17.60",
          "resolved": "https://artifacthub-tip.oraclecorp.com/api/npm/npmjs-remote/@types/node/-/node-10.17.60.tgz",
          "integrity": "sha1-NfPWIT2u2V2n8Pc+dbzGmA6QWXs="
        }
      }
    },
    "peerjs-js-binarypack": {
      "version": "1.0.1",
      "resolved": "https://artifacthub-tip.oraclecorp.com/api/npm/npmjs-remote/peerjs-js-binarypack/-/peerjs-js-binarypack-1.0.1.tgz",
      "integrity": "sha1-gPorYceUprFtZCU3AEBeR2raKb4="
    },
    "proxy-addr": {
      "version": "2.0.7",
      "resolved": "https://artifacthub-tip.oraclecorp.com/api/npm/npmjs-remote/proxy-addr/-/proxy-addr-2.0.7.tgz",
      "integrity": "sha1-8Z/mnOqzEe65S0LnDowgcPm6ECU=",
      "requires": {
        "forwarded": "0.2.0",
        "ipaddr.js": "1.9.1"
      }
    },
    "qs": {
      "version": "6.9.6",
      "resolved": "https://artifacthub-tip.oraclecorp.com/api/npm/npmjs-remote/qs/-/qs-6.9.6.tgz",
      "integrity": "sha1-Ju08gkOkMbKSSsqEzJBHHzXVoO4="
    },
    "range-parser": {
      "version": "1.2.1",
      "resolved": "https://artifacthub-tip.oraclecorp.com/api/npm/npmjs-remote/range-parser/-/range-parser-1.2.1.tgz",
      "integrity": "sha1-PPNwI9GZ4cJNGlW4SADC8+ZGgDE="
    },
    "raw-body": {
      "version": "2.4.2",
      "resolved": "https://artifacthub-tip.oraclecorp.com/api/npm/npmjs-remote/raw-body/-/raw-body-2.4.2.tgz",
      "integrity": "sha1-uvPpwh7rztWd1lM6yHK3H3thyzI=",
      "requires": {
        "bytes": "3.1.1",
        "http-errors": "1.8.1",
        "iconv-lite": "0.4.24",
        "unpipe": "1.0.0"
      }
    },
    "require-directory": {
      "version": "2.1.1",
      "resolved": "https://artifacthub-tip.oraclecorp.com/api/npm/npmjs-remote/require-directory/-/require-directory-2.1.1.tgz",
      "integrity": "sha1-jGStX9MNqxyXbiNE/+f3kqam30I="
    },
    "require-main-filename": {
      "version": "2.0.0",
      "resolved": "https://artifacthub-tip.oraclecorp.com/api/npm/npmjs-remote/require-main-filename/-/require-main-filename-2.0.0.tgz",
      "integrity": "sha1-0LMp7MfMD2Fkn2IhW+aa9UqomJs="
    },
    "rtcpeerconnection-shim": {
      "version": "1.2.15",
      "resolved": "https://artifacthub-tip.oraclecorp.com/api/npm/npmjs-remote/rtcpeerconnection-shim/-/rtcpeerconnection-shim-1.2.15.tgz",
      "integrity": "sha1-58wYmoG0NTJMSUmqPftRiIaEskM=",
      "requires": {
        "sdp": "^2.6.0"
      }
    },
    "safe-buffer": {
      "version": "5.2.1",
      "resolved": "https://artifacthub-tip.oraclecorp.com/api/npm/npmjs-remote/safe-buffer/-/safe-buffer-5.2.1.tgz",
      "integrity": "sha1-Hq+fqb2x/dTsdfWPnNtOa3gn7sY="
    },
    "safer-buffer": {
      "version": "2.1.2",
      "resolved": "https://artifacthub-tip.oraclecorp.com/api/npm/npmjs-remote/safer-buffer/-/safer-buffer-2.1.2.tgz",
      "integrity": "sha1-RPoWGwGHuVSd2Eu5GAL5vYOFzWo="
    },
    "sdp": {
      "version": "2.12.0",
      "resolved": "https://artifacthub-tip.oraclecorp.com/api/npm/npmjs-remote/sdp/-/sdp-2.12.0.tgz",
      "integrity": "sha1-M4oQavdWDIbkUj+Fg0loA1DVOyI="
    },
    "send": {
      "version": "0.17.2",
      "resolved": "https://artifacthub-tip.oraclecorp.com/api/npm/npmjs-remote/send/-/send-0.17.2.tgz",
      "integrity": "sha1-kmYi92YBxBgIASyL8WiP45BveCA=",
      "requires": {
        "debug": "2.6.9",
        "depd": "~1.1.2",
        "destroy": "~1.0.4",
        "encodeurl": "~1.0.2",
        "escape-html": "~1.0.3",
        "etag": "~1.8.1",
        "fresh": "0.5.2",
        "http-errors": "1.8.1",
        "mime": "1.6.0",
        "ms": "2.1.3",
        "on-finished": "~2.3.0",
        "range-parser": "~1.2.1",
        "statuses": "~1.5.0"
      },
      "dependencies": {
        "ms": {
          "version": "2.1.3",
          "resolved": "https://artifacthub-tip.oraclecorp.com/api/npm/npmjs-remote/ms/-/ms-2.1.3.tgz",
          "integrity": "sha1-V0yBOM4dK1hh8LRFedut1gxmFbI="
        }
      }
    },
    "serve-static": {
      "version": "1.14.2",
      "resolved": "https://artifacthub-tip.oraclecorp.com/api/npm/npmjs-remote/serve-static/-/serve-static-1.14.2.tgz",
      "integrity": "sha1-ci1ilLHWJibUG0OgE+zkWY0pK/o=",
      "requires": {
        "encodeurl": "~1.0.2",
        "escape-html": "~1.0.3",
        "parseurl": "~1.3.3",
        "send": "0.17.2"
      }
    },
    "set-blocking": {
      "version": "2.0.0",
      "resolved": "https://artifacthub-tip.oraclecorp.com/api/npm/npmjs-remote/set-blocking/-/set-blocking-2.0.0.tgz",
      "integrity": "sha1-BF+XgtARrppoA93TgrJDkrPYkPc="
    },
    "setprototypeof": {
      "version": "1.2.0",
      "resolved": "https://artifacthub-tip.oraclecorp.com/api/npm/npmjs-remote/setprototypeof/-/setprototypeof-1.2.0.tgz",
      "integrity": "sha1-ZsmiSnP5/CjL5msJ/tPTPcrxtCQ="
    },
    "statuses": {
      "version": "1.5.0",
      "resolved": "https://artifacthub-tip.oraclecorp.com/api/npm/npmjs-remote/statuses/-/statuses-1.5.0.tgz",
      "integrity": "sha1-Fhx9rBd2Wf2YEfQ3cfqZOBR4Yow="
    },
    "string-width": {
      "version": "4.2.3",
      "resolved": "https://artifacthub-tip.oraclecorp.com/api/npm/npmjs-remote/string-width/-/string-width-4.2.3.tgz",
      "integrity": "sha1-JpxxF9J7Ba0uU2gwqOyJXvnG0BA=",
      "requires": {
        "emoji-regex": "^8.0.0",
        "is-fullwidth-code-point": "^3.0.0",
        "strip-ansi": "^6.0.1"
      }
    },
    "strip-ansi": {
      "version": "6.0.1",
      "resolved": "https://artifacthub-tip.oraclecorp.com/api/npm/npmjs-remote/strip-ansi/-/strip-ansi-6.0.1.tgz",
      "integrity": "sha1-nibGPTD1NEPpSJSVshBdN7Z6hdk=",
      "requires": {
        "ansi-regex": "^5.0.1"
      }
    },
    "toidentifier": {
      "version": "1.0.1",
      "resolved": "https://artifacthub-tip.oraclecorp.com/api/npm/npmjs-remote/toidentifier/-/toidentifier-1.0.1.tgz",
      "integrity": "sha1-O+NDIaiKgg7RvYDfqjPkefu43TU="
    },
    "type-is": {
      "version": "1.6.18",
      "resolved": "https://artifacthub-tip.oraclecorp.com/api/npm/npmjs-remote/type-is/-/type-is-1.6.18.tgz",
      "integrity": "sha1-TlUs0F3wlGfcvE73Od6J8s83wTE=",
      "requires": {
        "media-typer": "0.3.0",
        "mime-types": "~2.1.24"
      }
    },
    "unpipe": {
      "version": "1.0.0",
      "resolved": "https://artifacthub-tip.oraclecorp.com/api/npm/npmjs-remote/unpipe/-/unpipe-1.0.0.tgz",
      "integrity": "sha1-sr9O6FFKrmFltIF4KdIbLvSZBOw="
    },
    "utils-merge": {
      "version": "1.0.1",
      "resolved": "https://artifacthub-tip.oraclecorp.com/api/npm/npmjs-remote/utils-merge/-/utils-merge-1.0.1.tgz",
      "integrity": "sha1-n5VxD1CiZ5R7LMwSR0HBAoQn5xM="
    },
    "uuid": {
      "version": "3.4.0",
      "resolved": "https://artifacthub-tip.oraclecorp.com/api/npm/npmjs-remote/uuid/-/uuid-3.4.0.tgz",
      "integrity": "sha1-sj5DWK+oogL+ehAK8fX4g/AgB+4="
    },
    "vary": {
      "version": "1.1.2",
      "resolved": "https://artifacthub-tip.oraclecorp.com/api/npm/npmjs-remote/vary/-/vary-1.1.2.tgz",
      "integrity": "sha1-IpnwLG3tMNSllhsLn3RSShj2NPw="
    },
    "webrtc-adapter": {
      "version": "7.7.1",
      "resolved": "https://artifacthub-tip.oraclecorp.com/api/npm/npmjs-remote/webrtc-adapter/-/webrtc-adapter-7.7.1.tgz",
      "integrity": "sha1-ssInphRJg7NQV99nvZhKfUv9F/E=",
      "requires": {
        "rtcpeerconnection-shim": "^1.2.15",
        "sdp": "^2.12.0"
      }
    },
    "which-module": {
      "version": "2.0.0",
      "resolved": "https://artifacthub-tip.oraclecorp.com/api/npm/npmjs-remote/which-module/-/which-module-2.0.0.tgz",
      "integrity": "sha1-2e8H3Od7mQK4o6j6SzHD4/fm6Ho="
    },
    "wrap-ansi": {
      "version": "6.2.0",
      "resolved": "https://artifacthub-tip.oraclecorp.com/api/npm/npmjs-remote/wrap-ansi/-/wrap-ansi-6.2.0.tgz",
      "integrity": "sha1-6Tk7oHEC5skaOyIUePAlfNKFblM=",
      "requires": {
        "ansi-styles": "^4.0.0",
        "string-width": "^4.1.0",
        "strip-ansi": "^6.0.0"
      }
    },
    "ws": {
      "version": "7.5.6",
      "resolved": "https://artifacthub-tip.oraclecorp.com/api/npm/npmjs-remote/ws/-/ws-7.5.6.tgz",
      "integrity": "sha1-5Z/FCfsV3ftlSH7pdlxaUd7F/ns="
    },
    "y18n": {
      "version": "4.0.3",
      "resolved": "https://artifacthub-tip.oraclecorp.com/api/npm/npmjs-remote/y18n/-/y18n-4.0.3.tgz",
      "integrity": "sha1-tfJZyCzW4zaSHv17/Yv1YN6e7t8="
    },
    "yargs": {
      "version": "15.4.1",
      "resolved": "https://artifacthub-tip.oraclecorp.com/api/npm/npmjs-remote/yargs/-/yargs-15.4.1.tgz",
      "integrity": "sha1-DYehbeAa7p2L7Cv7909nhRcw9Pg=",
      "requires": {
        "cliui": "^6.0.0",
        "decamelize": "^1.2.0",
        "find-up": "^4.1.0",
        "get-caller-file": "^2.0.1",
        "require-directory": "^2.1.1",
        "require-main-filename": "^2.0.0",
        "set-blocking": "^2.0.0",
        "string-width": "^4.2.0",
        "which-module": "^2.0.0",
        "y18n": "^4.0.0",
        "yargs-parser": "^18.1.2"
      }
    },
    "yargs-parser": {
      "version": "18.1.3",
      "resolved": "https://artifacthub-tip.oraclecorp.com/api/npm/npmjs-remote/yargs-parser/-/yargs-parser-18.1.3.tgz",
      "integrity": "sha1-vmjEl1xrKr9GkjawyHA2L6sJp7A=",
      "requires": {
        "camelcase": "^5.0.0",
        "decamelize": "^1.2.0"
      }
    }
  }
}
